
Microsoft Visual Studio Solution File, Format Version 12.00
# Visual Studio Version 16
VisualStudioVersion = 16.0.30804.86
MinimumVisualStudioVersion = 10.0.40219.1
Project("{9A19103F-16F7-4668-BE54-9A1E7A4F7556}") = "FlightPlannerWPF", "FlightPlannerWPF\FlightPlannerWPF.csproj", "{9E10EDAB-E3C5-4C95-A45E-5E387E7D38D8}"
EndProject
Project("{9A19103F-16F7-4668-BE54-9A1E7A4F7556}") = "JsonReaderLibrary", "..\..\..\Libraries\JsonReaderLibrary\JsonReaderLibrary\JsonReaderLibrary.csproj", "{BABBCB59-AB4C-440F-9EE8-EB2B2416ECA0}"
EndProject
Project("{9A19103F-16F7-4668-BE54-9A1E7A4F7556}") = "MVVMLibrary", "..\..\..\Libraries\MVVMLibrary\MVVMLibrary\MVVMLibrary.csproj", "{38124448-6A24-45F3-9DEE-1AF55B121BBA}"
EndProject
Project("{9A19103F-16F7-4668-BE54-9A1E7A4F7556}") = "PlateModelLibrary", "PlateModelLibrary\PlateModelLibrary.csproj", "{6620BEF5-D5AF-4655-834C-2045EAAF6FBB}"
EndProject
Project("{FAE04EC0-301F-11D3-BF4B-00C04F79EFBC}") = "FlightPlanParser", "FlightPlanParser\FlightPlanParser.csproj", "{41004103-DC0F-43CB-8FC8-3909D2649994}"
EndProject
Global
	GlobalSection(SolutionConfigurationPlatforms) = preSolution
		Debug|Any CPU = Debug|Any CPU
		Release|Any CPU = Release|Any CPU
		Release1|Any CPU = Release1|Any CPU
	EndGlobalSection
	GlobalSection(ProjectConfigurationPlatforms) = postSolution
		{9E10EDAB-E3C5-4C95-A45E-5E387E7D38D8}.Debug|Any CPU.ActiveCfg = Debug|Any CPU
		{9E10EDAB-E3C5-4C95-A45E-5E387E7D38D8}.Debug|Any CPU.Build.0 = Debug|Any CPU
		{9E10EDAB-E3C5-4C95-A45E-5E387E7D38D8}.Release|Any CPU.ActiveCfg = Release|Any CPU
		{9E10EDAB-E3C5-4C95-A45E-5E387E7D38D8}.Release|Any CPU.Build.0 = Release|Any CPU
		{9E10EDAB-E3C5-4C95-A45E-5E387E7D38D8}.Release1|Any CPU.ActiveCfg = Release|Any CPU
		{9E10EDAB-E3C5-4C95-A45E-5E387E7D38D8}.Release1|Any CPU.Build.0 = Release|Any CPU
		{BABBCB59-AB4C-440F-9EE8-EB2B2416ECA0}.Debug|Any CPU.ActiveCfg = Debug|Any CPU
		{BABBCB59-AB4C-440F-9EE8-EB2B2416ECA0}.Debug|Any CPU.Build.0 = Debug|Any CPU
		{BABBCB59-AB4C-440F-9EE8-EB2B2416ECA0}.Release|Any CPU.ActiveCfg = Release|Any CPU
		{BABBCB59-AB4C-440F-9EE8-EB2B2416ECA0}.Release|Any CPU.Build.0 = Release|Any CPU
		{BABBCB59-AB4C-440F-9EE8-EB2B2416ECA0}.Release1|Any CPU.ActiveCfg = Release1|Any CPU
		{BABBCB59-AB4C-440F-9EE8-EB2B2416ECA0}.Release1|Any CPU.Build.0 = Release1|Any CPU
		{38124448-6A24-45F3-9DEE-1AF55B121BBA}.Debug|Any CPU.ActiveCfg = Debug|Any CPU
		{38124448-6A24-45F3-9DEE-1AF55B121BBA}.Debug|Any CPU.Build.0 = Debug|Any CPU
		{38124448-6A24-45F3-9DEE-1AF55B121BBA}.Release|Any CPU.ActiveCfg = Release|Any CPU
		{38124448-6A24-45F3-9DEE-1AF55B121BBA}.Release|Any CPU.Build.0 = Release|Any CPU
		{38124448-6A24-45F3-9DEE-1AF55B121BBA}.Release1|Any CPU.ActiveCfg = Release|Any CPU
		{38124448-6A24-45F3-9DEE-1AF55B121BBA}.Release1|Any CPU.Build.0 = Release|Any CPU
		{6620BEF5-D5AF-4655-834C-2045EAAF6FBB}.Debug|Any CPU.ActiveCfg = Debug|Any CPU
		{6620BEF5-D5AF-4655-834C-2045EAAF6FBB}.Debug|Any CPU.Build.0 = Debug|Any CPU
		{6620BEF5-D5AF-4655-834C-2045EAAF6FBB}.Release|Any CPU.ActiveCfg = Release|Any CPU
		{6620BEF5-D5AF-4655-834C-2045EAAF6FBB}.Release|Any CPU.Build.0 = Release|Any CPU
		{6620BEF5-D5AF-4655-834C-2045EAAF6FBB}.Release1|Any CPU.ActiveCfg = Release|Any CPU
		{6620BEF5-D5AF-4655-834C-2045EAAF6FBB}.Release1|Any CPU.Build.0 = Release|Any CPU
		{41004103-DC0F-43CB-8FC8-3909D2649994}.Debug|Any CPU.ActiveCfg = Debug|Any CPU
		{41004103-DC0F-43CB-8FC8-3909D2649994}.Debug|Any CPU.Build.0 = Debug|Any CPU
		{41004103-DC0F-43CB-8FC8-3909D2649994}.Release|Any CPU.ActiveCfg = Release|Any CPU
		{41004103-DC0F-43CB-8FC8-3909D2649994}.Release|Any CPU.Build.0 = Release|Any CPU
		{41004103-DC0F-43CB-8FC8-3909D2649994}.Release1|Any CPU.ActiveCfg = Release|Any CPU
		{41004103-DC0F-43CB-8FC8-3909D2649994}.Release1|Any CPU.Build.0 = Release|Any CPU
	EndGlobalSection
	GlobalSection(SolutionProperties) = preSolution
		HideSolutionNode = FALSE
	EndGlobalSection
	GlobalSection(ExtensibilityGlobals) = postSolution
		SolutionGuid = {69A6E699-386F-4EC4-A3E7-ED058DF254A9}
	EndGlobalSection
EndGlobal
